
Microsoft Visual Studio Solution File, Format Version 12.00
# Visual Studio 15
VisualStudioVersion = 15.0.28307.421
MinimumVisualStudioVersion = 10.0.40219.1
Project("{2150E333-8FDC-42A3-9474-1A3956D46DE8}") = "csharp", "csharp", "{1470A036-2426-47E7-A1CA-812ED75C0B03}"
EndProject
Project("{2150E333-8FDC-42A3-9474-1A3956D46DE8}") = "lib", "lib", "{DA7964A8-55B8-4FC1-B0A0-5E1880A8C67C}"
EndProject
Project("{FAE04EC0-301F-11D3-BF4B-00C04F79EFBC}") = "uapl_runnable", "csharp\uapl_runnable\uapl_runnable.csproj", "{0E4657A0-7737-4360-85FC-311049FE407A}"
EndProject
Project("{FAE04EC0-301F-11D3-BF4B-00C04F79EFBC}") = "uapl", "csharp\uapl\uapl.csproj", "{A41E310C-3101-4CF3-BD8C-D0120FBD4DF1}"
EndProject
Project("{FAE04EC0-301F-11D3-BF4B-00C04F79EFBC}") = "time", "csharp\time\time.csproj", "{1551EDD5-F4DE-47EE-9652-38E8752BFF6C}"
EndProject
Project("{FAE04EC0-301F-11D3-BF4B-00C04F79EFBC}") = "help", "csharp\help\help.csproj", "{726017F5-5CF8-4A57-90D9-617125860CC3}"
EndProject
Project("{FAE04EC0-301F-11D3-BF4B-00C04F79EFBC}") = "core", "csharp\core\core.csproj", "{B311AD43-EA63-400C-9E4F-D58B8902B333}"
EndProject
Project("{FAE04EC0-301F-11D3-BF4B-00C04F79EFBC}") = "console", "csharp\console\console.csproj", "{DC8B5101-EB4E-4BEF-BB1F-1FAE22684B81}"
EndProject
Project("{FAE04EC0-301F-11D3-BF4B-00C04F79EFBC}") = "cleaner", "csharp\cleaner\cleaner.csproj", "{A7E5D5E8-6DF4-4FA8-BE57-0B8CDAFDCDF0}"
EndProject
Project("{2150E333-8FDC-42A3-9474-1A3956D46DE8}") = "python", "python", "{17361405-EC34-40E5-A06D-6151B67FA267}"
EndProject
Project("{2150E333-8FDC-42A3-9474-1A3956D46DE8}") = "lib", "lib", "{67FB2213-93E4-42C1-8AF2-30B7EAA165FC}"
EndProject
Project("{888888A0-9F3D-457C-B088-3A5042F75D52}") = "uapl", "python\uapl\uapl.pyproj", "{C95C5297-8212-4A0D-A5A4-8D6BD8DFE763}"
EndProject
Global
	GlobalSection(SolutionConfigurationPlatforms) = preSolution
		Debug|Any CPU = Debug|Any CPU
		Debug|x64 = Debug|x64
		Debug|x86 = Debug|x86
		Release|Any CPU = Release|Any CPU
		Release|x64 = Release|x64
		Release|x86 = Release|x86
	EndGlobalSection
	GlobalSection(ProjectConfigurationPlatforms) = postSolution
		{0E4657A0-7737-4360-85FC-311049FE407A}.Debug|Any CPU.ActiveCfg = Debug|Any CPU
		{0E4657A0-7737-4360-85FC-311049FE407A}.Debug|Any CPU.Build.0 = Debug|Any CPU
		{0E4657A0-7737-4360-85FC-311049FE407A}.Debug|x64.ActiveCfg = Debug|x64
		{0E4657A0-7737-4360-85FC-311049FE407A}.Debug|x64.Build.0 = Debug|x64
		{0E4657A0-7737-4360-85FC-311049FE407A}.Debug|x86.ActiveCfg = Debug|x86
		{0E4657A0-7737-4360-85FC-311049FE407A}.Debug|x86.Build.0 = Debug|x86
		{0E4657A0-7737-4360-85FC-311049FE407A}.Release|Any CPU.ActiveCfg = Release|Any CPU
		{0E4657A0-7737-4360-85FC-311049FE407A}.Release|Any CPU.Build.0 = Release|Any CPU
		{0E4657A0-7737-4360-85FC-311049FE407A}.Release|x64.ActiveCfg = Release|x64
		{0E4657A0-7737-4360-85FC-311049FE407A}.Release|x64.Build.0 = Release|x64
		{0E4657A0-7737-4360-85FC-311049FE407A}.Release|x86.ActiveCfg = Release|x86
		{0E4657A0-7737-4360-85FC-311049FE407A}.Release|x86.Build.0 = Release|x86
		{A41E310C-3101-4CF3-BD8C-D0120FBD4DF1}.Debug|Any CPU.ActiveCfg = Debug|Any CPU
		{A41E310C-3101-4CF3-BD8C-D0120FBD4DF1}.Debug|Any CPU.Build.0 = Debug|Any CPU
		{A41E310C-3101-4CF3-BD8C-D0120FBD4DF1}.Debug|x64.ActiveCfg = Debug|x64
		{A41E310C-3101-4CF3-BD8C-D0120FBD4DF1}.Debug|x64.Build.0 = Debug|x64
		{A41E310C-3101-4CF3-BD8C-D0120FBD4DF1}.Debug|x86.ActiveCfg = Debug|x86
		{A41E310C-3101-4CF3-BD8C-D0120FBD4DF1}.Debug|x86.Build.0 = Debug|x86
		{A41E310C-3101-4CF3-BD8C-D0120FBD4DF1}.Release|Any CPU.ActiveCfg = Release|Any CPU
		{A41E310C-3101-4CF3-BD8C-D0120FBD4DF1}.Release|Any CPU.Build.0 = Release|Any CPU
		{A41E310C-3101-4CF3-BD8C-D0120FBD4DF1}.Release|x64.ActiveCfg = Release|x64
		{A41E310C-3101-4CF3-BD8C-D0120FBD4DF1}.Release|x64.Build.0 = Release|x64
		{A41E310C-3101-4CF3-BD8C-D0120FBD4DF1}.Release|x86.ActiveCfg = Release|x86
		{A41E310C-3101-4CF3-BD8C-D0120FBD4DF1}.Release|x86.Build.0 = Release|x86
		{1551EDD5-F4DE-47EE-9652-38E8752BFF6C}.Debug|Any CPU.ActiveCfg = Debug|Any CPU
		{1551EDD5-F4DE-47EE-9652-38E8752BFF6C}.Debug|Any CPU.Build.0 = Debug|Any CPU
		{1551EDD5-F4DE-47EE-9652-38E8752BFF6C}.Debug|x64.ActiveCfg = Debug|x64
		{1551EDD5-F4DE-47EE-9652-38E8752BFF6C}.Debug|x64.Build.0 = Debug|x64
		{1551EDD5-F4DE-47EE-9652-38E8752BFF6C}.Debug|x86.ActiveCfg = Debug|x86
		{1551EDD5-F4DE-47EE-9652-38E8752BFF6C}.Debug|x86.Build.0 = Debug|x86
		{1551EDD5-F4DE-47EE-9652-38E8752BFF6C}.Release|Any CPU.ActiveCfg = Release|Any CPU
		{1551EDD5-F4DE-47EE-9652-38E8752BFF6C}.Release|Any CPU.Build.0 = Release|Any CPU
		{1551EDD5-F4DE-47EE-9652-38E8752BFF6C}.Release|x64.ActiveCfg = Release|x64
		{1551EDD5-F4DE-47EE-9652-38E8752BFF6C}.Release|x64.Build.0 = Release|x64
		{1551EDD5-F4DE-47EE-9652-38E8752BFF6C}.Release|x86.ActiveCfg = Release|x86
		{1551EDD5-F4DE-47EE-9652-38E8752BFF6C}.Release|x86.Build.0 = Release|x86
		{726017F5-5CF8-4A57-90D9-617125860CC3}.Debug|Any CPU.ActiveCfg = Debug|Any CPU
		{726017F5-5CF8-4A57-90D9-617125860CC3}.Debug|Any CPU.Build.0 = Debug|Any CPU
		{726017F5-5CF8-4A57-90D9-617125860CC3}.Debug|x64.ActiveCfg = Debug|x64
		{726017F5-5CF8-4A57-90D9-617125860CC3}.Debug|x64.Build.0 = Debug|x64
		{726017F5-5CF8-4A57-90D9-617125860CC3}.Debug|x86.ActiveCfg = Debug|x86
		{726017F5-5CF8-4A57-90D9-617125860CC3}.Debug|x86.Build.0 = Debug|x86
		{726017F5-5CF8-4A57-90D9-617125860CC3}.Release|Any CPU.ActiveCfg = Release|Any CPU
		{726017F5-5CF8-4A57-90D9-617125860CC3}.Release|Any CPU.Build.0 = Release|Any CPU
		{726017F5-5CF8-4A57-90D9-617125860CC3}.Release|x64.ActiveCfg = Release|x64
		{726017F5-5CF8-4A57-90D9-617125860CC3}.Release|x64.Build.0 = Release|x64
		{726017F5-5CF8-4A57-90D9-617125860CC3}.Release|x86.ActiveCfg = Release|x86
		{726017F5-5CF8-4A57-90D9-617125860CC3}.Release|x86.Build.0 = Release|x86
		{B311AD43-EA63-400C-9E4F-D58B8902B333}.Debug|Any CPU.ActiveCfg = Debug|Any CPU
		{B311AD43-EA63-400C-9E4F-D58B8902B333}.Debug|Any CPU.Build.0 = Debug|Any CPU
		{B311AD43-EA63-400C-9E4F-D58B8902B333}.Debug|x64.ActiveCfg = Debug|x64
		{B311AD43-EA63-400C-9E4F-D58B8902B333}.Debug|x64.Build.0 = Debug|x64
		{B311AD43-EA63-400C-9E4F-D58B8902B333}.Debug|x86.ActiveCfg = Debug|x86
		{B311AD43-EA63-400C-9E4F-D58B8902B333}.Debug|x86.Build.0 = Debug|x86
		{B311AD43-EA63-400C-9E4F-D58B8902B333}.Release|Any CPU.ActiveCfg = Release|Any CPU
		{B311AD43-EA63-400C-9E4F-D58B8902B333}.Release|Any CPU.Build.0 = Release|Any CPU
		{B311AD43-EA63-400C-9E4F-D58B8902B333}.Release|x64.ActiveCfg = Release|x64
		{B311AD43-EA63-400C-9E4F-D58B8902B333}.Release|x64.Build.0 = Release|x64
		{B311AD43-EA63-400C-9E4F-D58B8902B333}.Release|x86.ActiveCfg = Release|x86
		{B311AD43-EA63-400C-9E4F-D58B8902B333}.Release|x86.Build.0 = Release|x86
		{DC8B5101-EB4E-4BEF-BB1F-1FAE22684B81}.Debug|Any CPU.ActiveCfg = Debug|Any CPU
		{DC8B5101-EB4E-4BEF-BB1F-1FAE22684B81}.Debug|Any CPU.Build.0 = Debug|Any CPU
		{DC8B5101-EB4E-4BEF-BB1F-1FAE22684B81}.Debug|x64.ActiveCfg = Debug|x64
		{DC8B5101-EB4E-4BEF-BB1F-1FAE22684B81}.Debug|x64.Build.0 = Debug|x64
		{DC8B5101-EB4E-4BEF-BB1F-1FAE22684B81}.Debug|x86.ActiveCfg = Debug|x86
		{DC8B5101-EB4E-4BEF-BB1F-1FAE22684B81}.Debug|x86.Build.0 = Debug|x86
		{DC8B5101-EB4E-4BEF-BB1F-1FAE22684B81}.Release|Any CPU.ActiveCfg = Release|Any CPU
		{DC8B5101-EB4E-4BEF-BB1F-1FAE22684B81}.Release|Any CPU.Build.0 = Release|Any CPU
		{DC8B5101-EB4E-4BEF-BB1F-1FAE22684B81}.Release|x64.ActiveCfg = Release|x64
		{DC8B5101-EB4E-4BEF-BB1F-1FAE22684B81}.Release|x64.Build.0 = Release|x64
		{DC8B5101-EB4E-4BEF-BB1F-1FAE22684B81}.Release|x86.ActiveCfg = Release|x86
		{DC8B5101-EB4E-4BEF-BB1F-1FAE22684B81}.Release|x86.Build.0 = Release|x86
		{A7E5D5E8-6DF4-4FA8-BE57-0B8CDAFDCDF0}.Debug|Any CPU.ActiveCfg = Debug|Any CPU
		{A7E5D5E8-6DF4-4FA8-BE57-0B8CDAFDCDF0}.Debug|Any CPU.Build.0 = Debug|Any CPU
		{A7E5D5E8-6DF4-4FA8-BE57-0B8CDAFDCDF0}.Debug|x64.ActiveCfg = Debug|x64
		{A7E5D5E8-6DF4-4FA8-BE57-0B8CDAFDCDF0}.Debug|x64.Build.0 = Debug|x64
		{A7E5D5E8-6DF4-4FA8-BE57-0B8CDAFDCDF0}.Debug|x86.ActiveCfg = Debug|x86
		{A7E5D5E8-6DF4-4FA8-BE57-0B8CDAFDCDF0}.Debug|x86.Build.0 = Debug|x86
		{A7E5D5E8-6DF4-4FA8-BE57-0B8CDAFDCDF0}.Release|Any CPU.ActiveCfg = Release|Any CPU
		{A7E5D5E8-6DF4-4FA8-BE57-0B8CDAFDCDF0}.Release|Any CPU.Build.0 = Release|Any CPU
		{A7E5D5E8-6DF4-4FA8-BE57-0B8CDAFDCDF0}.Release|x64.ActiveCfg = Release|x64
		{A7E5D5E8-6DF4-4FA8-BE57-0B8CDAFDCDF0}.Release|x64.Build.0 = Release|x64
		{A7E5D5E8-6DF4-4FA8-BE57-0B8CDAFDCDF0}.Release|x86.ActiveCfg = Release|x86
		{A7E5D5E8-6DF4-4FA8-BE57-0B8CDAFDCDF0}.Release|x86.Build.0 = Release|x86
		{C95C5297-8212-4A0D-A5A4-8D6BD8DFE763}.Debug|Any CPU.ActiveCfg = Debug|Any CPU
		{C95C5297-8212-4A0D-A5A4-8D6BD8DFE763}.Debug|x64.ActiveCfg = Debug|Any CPU
		{C95C5297-8212-4A0D-A5A4-8D6BD8DFE763}.Debug|x86.ActiveCfg = Debug|Any CPU
		{C95C5297-8212-4A0D-A5A4-8D6BD8DFE763}.Release|Any CPU.ActiveCfg = Release|Any CPU
		{C95C5297-8212-4A0D-A5A4-8D6BD8DFE763}.Release|x64.ActiveCfg = Release|Any CPU
		{C95C5297-8212-4A0D-A5A4-8D6BD8DFE763}.Release|x86.ActiveCfg = Release|Any CPU
	EndGlobalSection
	GlobalSection(SolutionProperties) = preSolution
		HideSolutionNode = FALSE
	EndGlobalSection
	GlobalSection(NestedProjects) = preSolution
		{DA7964A8-55B8-4FC1-B0A0-5E1880A8C67C} = {1470A036-2426-47E7-A1CA-812ED75C0B03}
		{0E4657A0-7737-4360-85FC-311049FE407A} = {1470A036-2426-47E7-A1CA-812ED75C0B03}
		{A41E310C-3101-4CF3-BD8C-D0120FBD4DF1} = {1470A036-2426-47E7-A1CA-812ED75C0B03}
		{1551EDD5-F4DE-47EE-9652-38E8752BFF6C} = {DA7964A8-55B8-4FC1-B0A0-5E1880A8C67C}
		{726017F5-5CF8-4A57-90D9-617125860CC3} = {DA7964A8-55B8-4FC1-B0A0-5E1880A8C67C}
		{B311AD43-EA63-400C-9E4F-D58B8902B333} = {DA7964A8-55B8-4FC1-B0A0-5E1880A8C67C}
		{DC8B5101-EB4E-4BEF-BB1F-1FAE22684B81} = {DA7964A8-55B8-4FC1-B0A0-5E1880A8C67C}
		{A7E5D5E8-6DF4-4FA8-BE57-0B8CDAFDCDF0} = {DA7964A8-55B8-4FC1-B0A0-5E1880A8C67C}
		{67FB2213-93E4-42C1-8AF2-30B7EAA165FC} = {17361405-EC34-40E5-A06D-6151B67FA267}
		{C95C5297-8212-4A0D-A5A4-8D6BD8DFE763} = {17361405-EC34-40E5-A06D-6151B67FA267}
	EndGlobalSection
	GlobalSection(ExtensibilityGlobals) = postSolution
		SolutionGuid = {2378A9D5-8F8E-476F-9843-72431316B0E0}
	EndGlobalSection
EndGlobal
